
Microsoft Visual Studio Solution File, Format Version 12.00
# Visual Studio Version 16
VisualStudioVersion = 16.0.30114.105
MinimumVisualStudioVersion = 10.0.40219.1
Project("{2150E333-8FDC-42A3-9474-1A3956D46DE8}") = "Enterprise Business Rules", "Enterprise Business Rules", "{EE61514E-AE1F-4327-B192-C8770533C79A}"
EndProject
Project("{FAE04EC0-301F-11D3-BF4B-00C04F79EFBC}") = "Northwind.Entities", "Enterprise Business Rules\Northwind.Entities\Northwind.Entities.csproj", "{D13CBABF-AF95-4061-B4A2-E516F5A69D5C}"
EndProject
Project("{2150E333-8FDC-42A3-9474-1A3956D46DE8}") = "Interface Adapters", "Interface Adapters", "{9BB9FA51-57C4-464B-B825-8F91FBA91289}"
EndProject
Project("{2150E333-8FDC-42A3-9474-1A3956D46DE8}") = "Gateways", "Gateways", "{BA2E766F-F363-41AF-8528-C9952A136D14}"
EndProject
Project("{FAE04EC0-301F-11D3-BF4B-00C04F79EFBC}") = "Northwind.Repositories.EFCore", "Interface Adapters\Gateways\Northwind.Repositories.EFCore\Northwind.Repositories.EFCore.csproj", "{5EAD2567-1108-4BB7-A7AD-65C67EE23BB8}"
EndProject
Project("{2150E333-8FDC-42A3-9474-1A3956D46DE8}") = "Application Business Rules", "Application Business Rules", "{62932F13-E9AD-41B8-BF5E-C1DF21A1CBAE}"
EndProject
Project("{FAE04EC0-301F-11D3-BF4B-00C04F79EFBC}") = "Northwind.UseCases", "Application Business Rules\Northwind.UseCases\Northwind.UseCases.csproj", "{FFAEDDF1-4742-45E5-8A9E-6C2F53CACE3C}"
EndProject
Project("{FAE04EC0-301F-11D3-BF4B-00C04F79EFBC}") = "Northwind.UseCasesDTOs", "Application Business Rules\Northwind.UseCasesDTOs\Northwind.UseCasesDTOs.csproj", "{5E9810AE-F1DD-4F05-8E82-6A388E3B53D6}"
EndProject
Project("{FAE04EC0-301F-11D3-BF4B-00C04F79EFBC}") = "Northwind.IoC", "Interface Adapters\Northwind.IoC\Northwind.IoC.csproj", "{C1229006-2A9B-4C6E-8641-5D14108D6BA7}"
EndProject
Project("{2150E333-8FDC-42A3-9474-1A3956D46DE8}") = "Presenters", "Presenters", "{D6DC6005-2095-4697-8E93-08A95FF0079A}"
EndProject
Project("{FAE04EC0-301F-11D3-BF4B-00C04F79EFBC}") = "Northwind.WebExceptionsPresenter", "Interface Adapters\Presenters\Northwind.WebExceptionsPresenter\Northwind.WebExceptionsPresenter.csproj", "{6EE4F208-2F2D-41A2-A01D-B1EA5FD43C1B}"
EndProject
Global
	GlobalSection(SolutionConfigurationPlatforms) = preSolution
		Debug|Any CPU = Debug|Any CPU
		Debug|x64 = Debug|x64
		Debug|x86 = Debug|x86
		Release|Any CPU = Release|Any CPU
		Release|x64 = Release|x64
		Release|x86 = Release|x86
	EndGlobalSection
	GlobalSection(SolutionProperties) = preSolution
		HideSolutionNode = FALSE
	EndGlobalSection
	GlobalSection(ProjectConfigurationPlatforms) = postSolution
		{D13CBABF-AF95-4061-B4A2-E516F5A69D5C}.Debug|Any CPU.ActiveCfg = Debug|Any CPU
		{D13CBABF-AF95-4061-B4A2-E516F5A69D5C}.Debug|Any CPU.Build.0 = Debug|Any CPU
		{D13CBABF-AF95-4061-B4A2-E516F5A69D5C}.Debug|x64.ActiveCfg = Debug|Any CPU
		{D13CBABF-AF95-4061-B4A2-E516F5A69D5C}.Debug|x64.Build.0 = Debug|Any CPU
		{D13CBABF-AF95-4061-B4A2-E516F5A69D5C}.Debug|x86.ActiveCfg = Debug|Any CPU
		{D13CBABF-AF95-4061-B4A2-E516F5A69D5C}.Debug|x86.Build.0 = Debug|Any CPU
		{D13CBABF-AF95-4061-B4A2-E516F5A69D5C}.Release|Any CPU.ActiveCfg = Release|Any CPU
		{D13CBABF-AF95-4061-B4A2-E516F5A69D5C}.Release|Any CPU.Build.0 = Release|Any CPU
		{D13CBABF-AF95-4061-B4A2-E516F5A69D5C}.Release|x64.ActiveCfg = Release|Any CPU
		{D13CBABF-AF95-4061-B4A2-E516F5A69D5C}.Release|x64.Build.0 = Release|Any CPU
		{D13CBABF-AF95-4061-B4A2-E516F5A69D5C}.Release|x86.ActiveCfg = Release|Any CPU
		{D13CBABF-AF95-4061-B4A2-E516F5A69D5C}.Release|x86.Build.0 = Release|Any CPU
		{5EAD2567-1108-4BB7-A7AD-65C67EE23BB8}.Debug|Any CPU.ActiveCfg = Debug|Any CPU
		{5EAD2567-1108-4BB7-A7AD-65C67EE23BB8}.Debug|Any CPU.Build.0 = Debug|Any CPU
		{5EAD2567-1108-4BB7-A7AD-65C67EE23BB8}.Debug|x64.ActiveCfg = Debug|Any CPU
		{5EAD2567-1108-4BB7-A7AD-65C67EE23BB8}.Debug|x64.Build.0 = Debug|Any CPU
		{5EAD2567-1108-4BB7-A7AD-65C67EE23BB8}.Debug|x86.ActiveCfg = Debug|Any CPU
		{5EAD2567-1108-4BB7-A7AD-65C67EE23BB8}.Debug|x86.Build.0 = Debug|Any CPU
		{5EAD2567-1108-4BB7-A7AD-65C67EE23BB8}.Release|Any CPU.ActiveCfg = Release|Any CPU
		{5EAD2567-1108-4BB7-A7AD-65C67EE23BB8}.Release|Any CPU.Build.0 = Release|Any CPU
		{5EAD2567-1108-4BB7-A7AD-65C67EE23BB8}.Release|x64.ActiveCfg = Release|Any CPU
		{5EAD2567-1108-4BB7-A7AD-65C67EE23BB8}.Release|x64.Build.0 = Release|Any CPU
		{5EAD2567-1108-4BB7-A7AD-65C67EE23BB8}.Release|x86.ActiveCfg = Release|Any CPU
		{5EAD2567-1108-4BB7-A7AD-65C67EE23BB8}.Release|x86.Build.0 = Release|Any CPU
		{FFAEDDF1-4742-45E5-8A9E-6C2F53CACE3C}.Debug|Any CPU.ActiveCfg = Debug|Any CPU
		{FFAEDDF1-4742-45E5-8A9E-6C2F53CACE3C}.Debug|Any CPU.Build.0 = Debug|Any CPU
		{FFAEDDF1-4742-45E5-8A9E-6C2F53CACE3C}.Debug|x64.ActiveCfg = Debug|Any CPU
		{FFAEDDF1-4742-45E5-8A9E-6C2F53CACE3C}.Debug|x64.Build.0 = Debug|Any CPU
		{FFAEDDF1-4742-45E5-8A9E-6C2F53CACE3C}.Debug|x86.ActiveCfg = Debug|Any CPU
		{FFAEDDF1-4742-45E5-8A9E-6C2F53CACE3C}.Debug|x86.Build.0 = Debug|Any CPU
		{FFAEDDF1-4742-45E5-8A9E-6C2F53CACE3C}.Release|Any CPU.ActiveCfg = Release|Any CPU
		{FFAEDDF1-4742-45E5-8A9E-6C2F53CACE3C}.Release|Any CPU.Build.0 = Release|Any CPU
		{FFAEDDF1-4742-45E5-8A9E-6C2F53CACE3C}.Release|x64.ActiveCfg = Release|Any CPU
		{FFAEDDF1-4742-45E5-8A9E-6C2F53CACE3C}.Release|x64.Build.0 = Release|Any CPU
		{FFAEDDF1-4742-45E5-8A9E-6C2F53CACE3C}.Release|x86.ActiveCfg = Release|Any CPU
		{FFAEDDF1-4742-45E5-8A9E-6C2F53CACE3C}.Release|x86.Build.0 = Release|Any CPU
		{5E9810AE-F1DD-4F05-8E82-6A388E3B53D6}.Debug|Any CPU.ActiveCfg = Debug|Any CPU
		{5E9810AE-F1DD-4F05-8E82-6A388E3B53D6}.Debug|Any CPU.Build.0 = Debug|Any CPU
		{5E9810AE-F1DD-4F05-8E82-6A388E3B53D6}.Debug|x64.ActiveCfg = Debug|Any CPU
		{5E9810AE-F1DD-4F05-8E82-6A388E3B53D6}.Debug|x64.Build.0 = Debug|Any CPU
		{5E9810AE-F1DD-4F05-8E82-6A388E3B53D6}.Debug|x86.ActiveCfg = Debug|Any CPU
		{5E9810AE-F1DD-4F05-8E82-6A388E3B53D6}.Debug|x86.Build.0 = Debug|Any CPU
		{5E9810AE-F1DD-4F05-8E82-6A388E3B53D6}.Release|Any CPU.ActiveCfg = Release|Any CPU
		{5E9810AE-F1DD-4F05-8E82-6A388E3B53D6}.Release|Any CPU.Build.0 = Release|Any CPU
		{5E9810AE-F1DD-4F05-8E82-6A388E3B53D6}.Release|x64.ActiveCfg = Release|Any CPU
		{5E9810AE-F1DD-4F05-8E82-6A388E3B53D6}.Release|x64.Build.0 = Release|Any CPU
		{5E9810AE-F1DD-4F05-8E82-6A388E3B53D6}.Release|x86.ActiveCfg = Release|Any CPU
		{5E9810AE-F1DD-4F05-8E82-6A388E3B53D6}.Release|x86.Build.0 = Release|Any CPU
		{C1229006-2A9B-4C6E-8641-5D14108D6BA7}.Debug|Any CPU.ActiveCfg = Debug|Any CPU
		{C1229006-2A9B-4C6E-8641-5D14108D6BA7}.Debug|Any CPU.Build.0 = Debug|Any CPU
		{C1229006-2A9B-4C6E-8641-5D14108D6BA7}.Debug|x64.ActiveCfg = Debug|Any CPU
		{C1229006-2A9B-4C6E-8641-5D14108D6BA7}.Debug|x64.Build.0 = Debug|Any CPU
		{C1229006-2A9B-4C6E-8641-5D14108D6BA7}.Debug|x86.ActiveCfg = Debug|Any CPU
		{C1229006-2A9B-4C6E-8641-5D14108D6BA7}.Debug|x86.Build.0 = Debug|Any CPU
		{C1229006-2A9B-4C6E-8641-5D14108D6BA7}.Release|Any CPU.ActiveCfg = Release|Any CPU
		{C1229006-2A9B-4C6E-8641-5D14108D6BA7}.Release|Any CPU.Build.0 = Release|Any CPU
		{C1229006-2A9B-4C6E-8641-5D14108D6BA7}.Release|x64.ActiveCfg = Release|Any CPU
		{C1229006-2A9B-4C6E-8641-5D14108D6BA7}.Release|x64.Build.0 = Release|Any CPU
		{C1229006-2A9B-4C6E-8641-5D14108D6BA7}.Release|x86.ActiveCfg = Release|Any CPU
		{C1229006-2A9B-4C6E-8641-5D14108D6BA7}.Release|x86.Build.0 = Release|Any CPU
		{6EE4F208-2F2D-41A2-A01D-B1EA5FD43C1B}.Debug|Any CPU.ActiveCfg = Debug|Any CPU
		{6EE4F208-2F2D-41A2-A01D-B1EA5FD43C1B}.Debug|Any CPU.Build.0 = Debug|Any CPU
		{6EE4F208-2F2D-41A2-A01D-B1EA5FD43C1B}.Debug|x64.ActiveCfg = Debug|Any CPU
		{6EE4F208-2F2D-41A2-A01D-B1EA5FD43C1B}.Debug|x64.Build.0 = Debug|Any CPU
		{6EE4F208-2F2D-41A2-A01D-B1EA5FD43C1B}.Debug|x86.ActiveCfg = Debug|Any CPU
		{6EE4F208-2F2D-41A2-A01D-B1EA5FD43C1B}.Debug|x86.Build.0 = Debug|Any CPU
		{6EE4F208-2F2D-41A2-A01D-B1EA5FD43C1B}.Release|Any CPU.ActiveCfg = Release|Any CPU
		{6EE4F208-2F2D-41A2-A01D-B1EA5FD43C1B}.Release|Any CPU.Build.0 = Release|Any CPU
		{6EE4F208-2F2D-41A2-A01D-B1EA5FD43C1B}.Release|x64.ActiveCfg = Release|Any CPU
		{6EE4F208-2F2D-41A2-A01D-B1EA5FD43C1B}.Release|x64.Build.0 = Release|Any CPU
		{6EE4F208-2F2D-41A2-A01D-B1EA5FD43C1B}.Release|x86.ActiveCfg = Release|Any CPU
		{6EE4F208-2F2D-41A2-A01D-B1EA5FD43C1B}.Release|x86.Build.0 = Release|Any CPU
	EndGlobalSection
	GlobalSection(NestedProjects) = preSolution
		{D13CBABF-AF95-4061-B4A2-E516F5A69D5C} = {EE61514E-AE1F-4327-B192-C8770533C79A}
		{BA2E766F-F363-41AF-8528-C9952A136D14} = {9BB9FA51-57C4-464B-B825-8F91FBA91289}
		{5EAD2567-1108-4BB7-A7AD-65C67EE23BB8} = {BA2E766F-F363-41AF-8528-C9952A136D14}
		{FFAEDDF1-4742-45E5-8A9E-6C2F53CACE3C} = {62932F13-E9AD-41B8-BF5E-C1DF21A1CBAE}
		{5E9810AE-F1DD-4F05-8E82-6A388E3B53D6} = {62932F13-E9AD-41B8-BF5E-C1DF21A1CBAE}
		{C1229006-2A9B-4C6E-8641-5D14108D6BA7} = {9BB9FA51-57C4-464B-B825-8F91FBA91289}
		{D6DC6005-2095-4697-8E93-08A95FF0079A} = {9BB9FA51-57C4-464B-B825-8F91FBA91289}
		{6EE4F208-2F2D-41A2-A01D-B1EA5FD43C1B} = {D6DC6005-2095-4697-8E93-08A95FF0079A}
	EndGlobalSection
EndGlobal
